hash: 26c638eb537a5d88ad12fffd9cb17d69b70548e20db7938623830c129947b1e6
updated: 2017-06-01T13:50:10.856331595+01:00
imports:
- name: github.com/armon/go-metrics
  version: 97c69685293dce4c0a2d0b19535179bbc976e4d2
- name: github.com/dgrijalva/jwt-go
  version: d2709f9f1f31ebcda9651b03077758c1f3a0018c
- name: github.com/elazarl/go-bindata-assetfs
  version: 9a6736ed45b44bf3835afeebb3034b57ed329f3e
  subpackages:
  - '...'
- name: github.com/fatih/structs
  version: a720dfa8df582c51dee1b36feabb906bde1588bd
- name: github.com/go-gorp/gorp
  version: 4deece61034873cb5b5416e81abe4cea7bd0da72
- name: github.com/go-yaml/yaml
  version: cd8b52f8269e0feb286dfeef29f8fe4d5b397e0b
- name: github.com/gogo/protobuf
  version: 909568be09de550ed094403c2bf8a261b5bb730a
  subpackages:
  - jsonpb
  - proto
- name: github.com/golang/protobuf
  version: 8ee79997227bf9b34611aee7946ae64735e6fd93
- name: github.com/gorhill/cronexpr
  version: a557574d6c024ed6e36acc8b610f5f211c91568a
- name: github.com/gorilla/context
  version: 08b5f424b9271eedf6f9f0ce86cb9396ed337a42
- name: github.com/gorilla/handlers
  version: ee54c7b44cab12289237fb8631314790076e728b
- name: github.com/gorilla/mux
  version: 0eeaf8392f5b04950925b8a69fe70f110fa7cbfc
- name: github.com/gorilla/websocket
  version: 1f512fc3f05332ba7117626cdfb4e07474e58e60
- name: github.com/lib/pq
  version: 22cb3e4c487ce6242e2b03369219e5631eed1221
  subpackages:
  - oid
- name: github.com/rubenv/sql-migrate
  version: a3ed23a40ebd39f82bf2a36768ed7d595f2bdc1e
  subpackages:
  - sqlparse
- name: github.com/satori/go.uuid
  version: b061729afc07e77a8aa4fad0a2fd840958f1942a
- name: github.com/yuin/gopher-lua
  version: b402f3114ec730d8bddb074a6c137309f561aa78
  subpackages:
  - ast
  - parse
  - pm
- name: go.uber.org/atomic
  version: 4e336646b2ef9fc6e47be8e21594178f98e5ebcf
- name: go.uber.org/zap
  version: fab453050a7a08c35f31fc5fff6f2dbd962285ab
  subpackages:
  - buffer
  - internal/bufferpool
  - internal/color
  - internal/exit
  - internal/multierror
  - zapcore
- name: golang.org/x/crypto
  version: f6b343c37ca80bfa8ea539da67a0b621f84fab1d
  subpackages:
  - bcrypt
  - blowfish
- name: golang.org/x/net
  version: 69d4b8aa71caaaa75c3dfc11211d1be495abec7c
  subpackages:
  - context
- name: gopkg.in/gorp.v1
  version: c87af80f3cc5036b55b83d77171e156791085e2e
testImports:
- name: github.com/stretchr/testify
  version: 69483b4bd14f5845b5a1e55bca19e954e827f1d0
  subpackages:
  - assert
