# This file is autogenerated, do not edit; changes may be undone by the next 'dep ensure'.


[[projects]]
  digest = "1:a639b30711f62030ade1432a6bcf135c23c38607d1478d3ce53829ea2a664197"
  name = "cloud.google.com/go"
  packages = [
    "compute/metadata",
    "monitoring/apiv3",
    "trace/apiv2",
  ]
  pruneopts = ""
  revision = "0ebda48a7f143b1cce9eb37a8c1106ac762a3430"
  version = "v0.34.0"

[[projects]]
  digest = "1:4cda3ef1024370f3cf7c0da06f7174a79887bf387d7b0d4acdb15df0ed3c206e"
  name = "contrib.go.opencensus.io/exporter/stackdriver"
  packages = [
    ".",
    "monitoredresource",
  ]
  pruneopts = ""
  revision = "0e2df90c35d1575910dc0a44da7d7b08ae76290f"
  version = "v0.9.1"

[[projects]]
  digest = "1:2f60f5ae6749aeae294562cefebcc8ba9c033f74d3088bdc275d1f11b8aabc92"
  name = "github.com/RoaringBitmap/roaring"
  packages = ["."]
  pruneopts = ""
  revision = "3d677d3262197ee558b85029301eb69b8239f91a"
  version = "v0.4.16"

[[projects]]
  digest = "1:3e98b3f23156a450618e679552977107df698e0812eb77003c2fbfc89332b1d2"
  name = "github.com/aws/aws-sdk-go"
  packages = [
    "aws",
    "aws/awserr",
    "aws/awsutil",
    "aws/client",
    "aws/client/metadata",
    "aws/corehandlers",
    "aws/credentials",
    "aws/credentials/ec2rolecreds",
    "aws/credentials/endpointcreds",
    "aws/credentials/processcreds",
    "aws/credentials/stscreds",
    "aws/csm",
    "aws/defaults",
    "aws/ec2metadata",
    "aws/endpoints",
    "aws/request",
    "aws/session",
    "aws/signer/v4",
    "internal/ini",
    "internal/sdkio",
    "internal/sdkrand",
    "internal/sdkuri",
    "internal/shareddefaults",
    "private/protocol",
    "private/protocol/query",
    "private/protocol/query/queryutil",
    "private/protocol/rest",
    "private/protocol/xml/xmlutil",
    "service/sts",
  ]
  pruneopts = ""
  revision = "62936e15518acb527a1a9cb4a39d96d94d0fd9a2"
  version = "v1.16.15"

[[projects]]
  branch = "master"
  digest = "1:c0bec5f9b98d0bc872ff5e834fac186b807b656683bd29cb82fb207a1513fabb"
  name = "github.com/beorn7/perks"
  packages = ["quantile"]
  pruneopts = ""
  revision = "3a771d992973f24aa725d07868b467d1ddfceafb"

[[projects]]
  digest = "1:c4463bdc81ad05a0540a53e4a0e7895bb6f1c18870a919b7c5befdad26c18fe9"
  name = "github.com/blevesearch/bleve"
  packages = [
    ".",
    "analysis",
    "analysis/analyzer/keyword",
    "analysis/analyzer/standard",
    "analysis/datetime/flexible",
    "analysis/datetime/optional",
    "analysis/lang/en",
    "analysis/token/lowercase",
    "analysis/token/porter",
    "analysis/token/stop",
    "analysis/tokenizer/single",
    "analysis/tokenizer/unicode",
    "document",
    "geo",
    "index",
    "index/scorch",
    "index/scorch/mergeplan",
    "index/scorch/segment",
    "index/scorch/segment/zap",
    "index/store",
    "index/store/boltdb",
    "index/store/gtreap",
    "index/upsidedown",
    "mapping",
    "numeric",
    "registry",
    "search",
    "search/collector",
    "search/facet",
    "search/highlight",
    "search/highlight/format/html",
    "search/highlight/fragmenter/simple",
    "search/highlight/highlighter/html",
    "search/highlight/highlighter/simple",
    "search/query",
    "search/scorer",
    "search/searcher",
    "size",
  ]
  pruneopts = ""
  revision = "5cf4e4e02e8a1aec8df8c6773d08e364ee694cea"

[[projects]]
  digest = "1:b9a6b4e079fea1e137c0f8caeb65030978a8dee9f37df5a6ffd9fabe98cdd32e"
  name = "github.com/blevesearch/go-porterstemmer"
  packages = ["."]
  pruneopts = ""
  revision = "b4dd94e38f29620fe0f97ae4b0f6994b0d5d75f0"
  version = "v1.0.1"

[[projects]]
  branch = "master"
  digest = "1:eb75e36e2b8b6a24e51dd1cd5692bfa0594003aeeb867a774d0ff1159fcb9ff9"
  name = "github.com/blevesearch/segment"
  packages = ["."]
  pruneopts = ""
  revision = "762005e7a34fd909a84586299f1dd457371d36ee"

[[projects]]
  digest = "1:ed112122ed4a920d944cc99b9d00b0441c11685939c28462c719488d36fe29aa"
  name = "github.com/boltdb/bolt"
  packages = ["."]
  pruneopts = ""
  revision = "2f1ce7a837dcb8da3ec595b1dac9d0632f0f99e8"
  version = "v1.3.1"

[[projects]]
  digest = "1:0b2d5839372f6dc106fcaa70b6bd5832789a633c4e470540f76c2ec6c560e1c1"
  name = "github.com/census-instrumentation/opencensus-proto"
  packages = [
    "gen-go/agent/common/v1",
    "gen-go/metrics/v1",
    "gen-go/resource/v1",
  ]
  pruneopts = ""
  revision = "7f2434bc10da710debe5c4315ed6d4df454b4024"
  version = "v0.1.0"

[[projects]]
  branch = "master"
  digest = "1:21aee7b432ce1298869959e614776826b3a7f7777722589879f027fbee819820"
  name = "github.com/couchbase/vellum"
  packages = [
    ".",
    "levenshtein2",
    "regexp",
    "utf8",
  ]
  pruneopts = ""
  revision = "dd17fb852690c5b0068b26995fb4e63a2f7cb1c1"

[[projects]]
  digest = "1:0deddd908b6b4b768cfc272c16ee61e7088a60f7fe2f06c547bd3d8e1f8b8e77"
  name = "github.com/davecgh/go-spew"
  packages = ["spew"]
  pruneopts = ""
  revision = "8991bc29aa16c548c550c7ff78260e27b9ab7c73"
  version = "v1.1.1"

[[projects]]
  digest = "1:6098222470fe0172157ce9bbef5d2200df4edde17ee649c5d6e48330e4afa4c6"
  name = "github.com/dgrijalva/jwt-go"
  packages = ["."]
  pruneopts = ""
  revision = "06ea1031745cb8b3dab3f6a236daf2b0aa468b7e"
  version = "v3.2.0"

[[projects]]
  digest = "1:cfe61b953a7ced7d574f8ad8511b5cb5fc344dc59b51fe8ae8f76b0ef14a4a30"
  name = "github.com/edsrzf/mmap-go"
  packages = ["."]
  pruneopts = ""
  revision = "188cc3b666ba704534fa4f96e9e61f21f1e1ba7c"
  version = "v1.0.0"

[[projects]]
  branch = "master"
  digest = "1:79b9a4829320216d16640a7f9e1f40c6b6cc06902649adadecf441b8722e9c0a"
  name = "github.com/glycerine/go-unsnap-stream"
  packages = ["."]
  pruneopts = ""
  revision = "f9677308dec2b35e76737f9713df328ad11b1fea"

[[projects]]
  digest = "1:cedccf16b71e86db87a24f8d4c70b0a855872eb967cb906a66b95de56aefbd0d"
  name = "github.com/go-yaml/yaml"
  packages = ["."]
  pruneopts = ""
  revision = "51d6538a90f86fe93ac480b35f37b2be17fef232"

[[projects]]
  digest = "1:b0989e1ceaa5fb28ad7dcb6f21da9386124942f24e5d8e5807f967f6f56ae2b0"
  name = "github.com/gobuffalo/envy"
  packages = ["."]
  pruneopts = ""
  revision = "801d7253ade1f895f74596b9a96147ed2d3b087e"
  version = "v1.6.11"

[[projects]]
  branch = "master"
  digest = "1:3637ea23c1d8720d62f8400f4b3b5750b11c35baa093a97856bc6295c77cf372"
  name = "github.com/gobuffalo/packd"
  packages = ["."]
  pruneopts = ""
  revision = "eca3b8fd66872a76119b189bbe0f58f776a2a39f"

[[projects]]
  digest = "1:82c8a32555836303cadb66876d39e3adae68c969cf9de02dd6cf989ddd8823b3"
  name = "github.com/gobuffalo/packr"
  packages = ["."]
  pruneopts = ""
  revision = "679459352e18b4c74274a979d695fe13b68730c1"
  version = "v1.21.9"

[[projects]]
  branch = "master"
  digest = "1:6098f692e043c3ee2612f47f214d169a3bdeb13ee37f946d10353b5e37aa702b"
  name = "github.com/gobuffalo/syncx"
  packages = ["."]
  pruneopts = ""
  revision = "558ac7de985fc4f4057bff27c7bdf99e92fe0750"

[[projects]]
  digest = "1:660175e70abad3868119f2c29f43339608d7d3b93c8eb178b812ed330be6c07b"
  name = "github.com/gofrs/uuid"
  packages = ["."]
  pruneopts = ""
  revision = "7077aa61129615a0d7f45c49101cd011ab221c27"
  version = "v3.1.2"

[[projects]]
  digest = "1:d3d38150b6d77b2aad42a9e105170538b6563518993d43df78a1add6e31cce62"
  name = "github.com/golang/protobuf"
  packages = [
    "jsonpb",
    "proto",
    "protoc-gen-go/descriptor",
    "protoc-gen-go/generator",
    "protoc-gen-go/generator/internal/remap",
    "protoc-gen-go/plugin",
    "ptypes",
    "ptypes/any",
    "ptypes/duration",
    "ptypes/empty",
    "ptypes/struct",
    "ptypes/timestamp",
    "ptypes/wrappers",
  ]
  pruneopts = ""
  revision = "c823c79ea1570fb5ff454033735a8e68575d1d0f"
  version = "v1.3.0"

[[projects]]
  branch = "master"
  digest = "1:2a5888946cdbc8aa360fd43301f9fc7869d663f60d5eedae7d4e6e5e4f06f2bf"
  name = "github.com/golang/snappy"
  packages = ["."]
  pruneopts = ""
  revision = "2e65f85255dbc3072edf28d6b5b8efc472979f5a"

[[projects]]
  digest = "1:55c1b46a80db2baf4d762c1d0b5cb4946e46125baa02b8959310abab15b54aee"
  name = "github.com/googleapis/gax-go"
  packages = [
    ".",
    "v2",
  ]
  pruneopts = ""
  revision = "c8a15bac9b9fe955bd9f900272f9a306465d28cf"
  version = "v2.0.3"

[[projects]]
  digest = "1:dbbeb8ddb0be949954c8157ee8439c2adfd8dc1c9510eb44a6e58cb68c3dce28"
  name = "github.com/gorilla/context"
  packages = ["."]
  pruneopts = ""
  revision = "08b5f424b9271eedf6f9f0ce86cb9396ed337a42"
  version = "v1.1.1"

[[projects]]
  digest = "1:66d63ec7b6035984dced87ad37066e5f4ad277c60234a9d9925537248e983200"
  name = "github.com/gorilla/handlers"
  packages = ["."]
  pruneopts = ""
  revision = "7e0847f9db758cdebd26c149d0ae9d5d0b9c98ce"
  version = "v1.4.0"

[[projects]]
  digest = "1:c2c8666b4836c81a1d247bdf21c6a6fc1ab586538ab56f74437c2e0df5c375e1"
  name = "github.com/gorilla/mux"
  packages = ["."]
  pruneopts = ""
  revision = "e3702bed27f0d39777b0b37b664b6280e8ef8fbf"
  version = "v1.6.2"

[[projects]]
  digest = "1:e2f2cd85250d569d2ba86b4e73a5b5571db190f8d86333931feb36f82495b18d"
  name = "github.com/gorilla/websocket"
  packages = ["."]
  pruneopts = ""
  revision = "95ba29eb981bbb27d92e1f70bf8a1949452d926b"

[[projects]]
  digest = "1:13cf661e001f6dbeb6535feda8c7a4991924685d98a433e3a48235f5bf643430"
  name = "github.com/grpc-ecosystem/grpc-gateway"
  packages = [
    "internal",
    "protoc-gen-swagger/options",
    "runtime",
    "utilities",
  ]
  pruneopts = ""
  revision = "e81e272f3e6fbdf9cd2837112cedf837191d3a3f"
  version = "v1.8.4"

[[projects]]
  digest = "1:13fe471d0ed891e8544eddfeeb0471fd3c9f2015609a1c000aefdedf52a19d40"
  name = "github.com/jmespath/go-jmespath"
  packages = ["."]
  pruneopts = ""
  revision = "c2b33e84"

[[projects]]
  digest = "1:7df5a9695a743c3e1626b28bb8741602c8c15527e1efaeaec48ab2ff9a23f74c"
  name = "github.com/joho/godotenv"
  packages = ["."]
  pruneopts = ""
  revision = "23d116af351c84513e1946b527c88823e476be13"
  version = "v1.3.0"

[[projects]]
  digest = "1:bc36cd980d0069137800b505af4937c6109f4dc7cefe39d7c2efc7c8d51528d6"
  name = "github.com/lib/pq"
  packages = [
    ".",
    "oid",
  ]
  pruneopts = ""
  revision = "9eb73efc1fcc404148b56765b0d3f61d9a5ef8ee"

[[projects]]
  branch = "master"
  digest = "1:ff3d3a7e367bf58b25e3c9203b7e82a02b2bfa220eacb2b362c0dbc3fcffa15b"
  name = "github.com/markbates/oncer"
  packages = ["."]
  pruneopts = ""
  revision = "bf2de49a0be218916e69a11d22866e6cd0a560f2"

[[projects]]
  digest = "1:63722a4b1e1717be7b98fc686e0b30d5e7f734b9e93d7dee86293b6deab7ea28"
  name = "github.com/matttproud/golang_protobuf_extensions"
  packages = ["pbutil"]
  pruneopts = ""
  revision = "c12348ce28de40eed0136aa2b644d0ee0650e56c"
  version = "v1.0.1"

[[projects]]
  branch = "master"
  digest = "1:2b92866d98297fd59e1ae4eeac721ba59b9015bcf899e5575130481405ac0110"
  name = "github.com/mschoch/smat"
  packages = ["."]
  pruneopts = ""
  revision = "90eadee771aeab36e8bf796039b8c261bebebe4f"

[[projects]]
  digest = "1:210286d0cb60ffe28f1ca00b664029e8943009f95d06d8f8c336301b28e1aee5"
  name = "github.com/philhofer/fwd"
  packages = ["."]
  pruneopts = ""
  revision = "bb6d471dc95d4fe11e432687f8b70ff496cf3136"
  version = "v1.0.0"

[[projects]]
  digest = "1:7365acd48986e205ccb8652cc746f09c8b7876030d53710ea6ef7d0bd0dcd7ca"
  name = "github.com/pkg/errors"
  packages = ["."]
  pruneopts = ""
  revision = "645ef00459ed84a119197bfb8d8205042c6df63d"
  version = "v0.8.0"

[[projects]]
  digest = "1:256484dbbcd271f9ecebc6795b2df8cad4c458dd0f5fd82a8c2fa0c29f233411"
  name = "github.com/pmezard/go-difflib"
  packages = ["difflib"]
  pruneopts = ""
  revision = "792786c7400a136282c1664665ae0a8db921c6c2"
  version = "v1.0.0"

[[projects]]
  digest = "1:ddf24b58ae42517d87aeb853c650d0563540a997e4e3cbfe4ed10fc6e7a0f361"
  name = "github.com/prometheus/client_golang"
  packages = [
    "prometheus",
    "prometheus/promhttp",
  ]
  pruneopts = ""
  revision = "bcbbc08eb2ddff3af83bbf11e7ec13b4fd730b6e"

[[projects]]
  branch = "master"
  digest = "1:185cf55b1f44a1bf243558901c3f06efa5c64ba62cfdcbb1bf7bbe8c3fb68561"
  name = "github.com/prometheus/client_model"
  packages = ["go"]
  pruneopts = ""
  revision = "5c3871d89910bfb32f5fcab2aa4b9ec68e65a99f"

[[projects]]
  branch = "master"
  digest = "1:4c3c11c0cd3bb16e36fd94ed778a3136972459baa5e248989cbf8ed3e6b5a55e"
  name = "github.com/prometheus/common"
  packages = [
    "expfmt",
    "internal/bitbucket.org/ww/goautoneg",
    "model",
  ]
  pruneopts = ""
  revision = "67670fe90761d7ff18ec1d640135e53b9198328f"

[[projects]]
  branch = "master"
  digest = "1:2a434946be9f2f5498b2405a8607768aab439237ea13deff2edc59d9a44f8891"
  name = "github.com/prometheus/procfs"
  packages = [
    ".",
    "internal/util",
    "nfs",
    "xfs",
  ]
  pruneopts = ""
  revision = "1dc9a6cbc91aacc3e8b2d63db4d2e957a5394ac4"

[[projects]]
  digest = "1:e47e8da3ae71a043c8ad101dea4e96580aaa613ff766150b799221e6c021508f"
  name = "github.com/rogpeppe/go-internal"
  packages = [
    "modfile",
    "module",
    "semver",
  ]
  pruneopts = ""
  revision = "d87f08a7d80821c797ffc8eb8f4e01675f378736"
  version = "v1.0.0"

[[projects]]
  digest = "1:de54c071d521d5adb97ba259392faefffc3b702f08323601fc3a7ac873a717d7"
  name = "github.com/rubenv/sql-migrate"
  packages = [
    ".",
    "sqlparse",
  ]
  pruneopts = ""
  revision = "5a8808c14925f69d2228981db113f672ad047e69"

[[projects]]
  branch = "master"
  digest = "1:49f625590d0a3a4d0db850eb233fd22b110c490aa8123589445924d2d47bbe0a"
  name = "github.com/steveyen/gtreap"
  packages = ["."]
  pruneopts = ""
  revision = "0abe01ef9be25c4aedc174758ec2d917314d6d70"

[[projects]]
  digest = "1:c587772fb8ad29ad4db67575dad25ba17a51f072ff18a22b4f0257a4d9c24f75"
  name = "github.com/stretchr/testify"
  packages = ["assert"]
  pruneopts = ""
  revision = "f35b8ab0b5a2cef36673838d662e249dd9c94686"
  version = "v1.2.2"

[[projects]]
  digest = "1:23ed2a28cfc147d46f7fbf4d85f83f6d659e15eac4ad1c16c4d32b19da5bd2fa"
  name = "github.com/tinylib/msgp"
  packages = ["msgp"]
  pruneopts = ""
  revision = "af6442a0fcf6e2a1b824f70dd0c734f01e817751"
  version = "v1.1.0"

[[projects]]
  digest = "1:fcb101cb896bcfb60d004d9c65cdebd597489bb0a25f0ea063513029ac99487e"
  name = "github.com/willf/bitset"
  packages = ["."]
  pruneopts = ""
  revision = "e553b05586428962bf7058d1044519d87ca72d74"
  version = "v1.1.9"

[[projects]]
  digest = "1:a6fa18c481c713686f42ff0bd5eeaa2f4f9c389387fc9f9c1deacce355337c7d"
  name = "github.com/yuin/gopher-lua"
  packages = [
    ".",
    "ast",
    "parse",
    "pm",
  ]
  pruneopts = ""
  revision = "1e6e6e1918e02ddf02e667e88e8aa756942448c5"

[[projects]]
  digest = "1:b1bb9332f6cb7821a730e1681819b2813340eba5e873f05381815a7c6807d172"
  name = "go.opencensus.io"
  packages = [
    ".",
    "exemplar",
    "exporter/prometheus",
    "internal",
    "internal/tagencoding",
    "plugin/ocgrpc",
    "plugin/ochttp",
    "plugin/ochttp/propagation/b3",
    "stats",
    "stats/internal",
    "stats/view",
    "tag",
    "trace",
    "trace/internal",
    "trace/propagation",
    "trace/tracestate",
    "zpages",
    "zpages/internal",
  ]
  pruneopts = ""
  revision = "2b5032d79456124f42db6b7eb19ac6c155449dc2"
  version = "v0.19.0"

[[projects]]
  digest = "1:74f86c458e82e1c4efbab95233e0cf51b7cc02dc03193be9f62cd81224e10401"
  name = "go.uber.org/atomic"
  packages = ["."]
  pruneopts = ""
  revision = "1ea20fb1cbb1cc08cbd0d913a96dead89aa18289"
  version = "v1.3.2"

[[projects]]
  digest = "1:22c7effcb4da0eacb2bb1940ee173fac010e9ef3c691f5de4b524d538bd980f5"
  name = "go.uber.org/multierr"
  packages = ["."]
  pruneopts = ""
  revision = "3c4937480c32f4c13a875a1829af76c98ca3d40a"
  version = "v1.1.0"

[[projects]]
  digest = "1:246f378f80fba6fcf0f191c486b6613265abd2bc0f2fa55a36b928c67352021e"
  name = "go.uber.org/zap"
  packages = [
    ".",
    "buffer",
    "internal/bufferpool",
    "internal/color",
    "internal/exit",
    "zapcore",
  ]
  pruneopts = ""
  revision = "ff33455a0e382e8a81d14dd7c922020b6b5e7982"
  version = "v1.9.1"

[[projects]]
  digest = "1:887074c37fcefc2f49b5ae9c6f9f36107341aec23185613d0e9f1ee81db7f94a"
  name = "golang.org/x/crypto"
  packages = [
    "bcrypt",
    "blowfish",
  ]
  pruneopts = ""
  revision = "505ab145d0a99da450461ae2c1a9f6cd10d1f447"

[[projects]]
  branch = "master"
  digest = "1:4ab2fc83e3222b69759dfd717e01d0cf38b133aabfacc29a86057021a2f1abd9"
  name = "golang.org/x/net"
  packages = [
    "context",
    "context/ctxhttp",
    "http/httpguts",
    "http2",
    "http2/hpack",
    "idna",
    "internal/timeseries",
    "trace",
  ]
  pruneopts = ""
  revision = "927f97764cc334a6575f4b7a1584a147864d5723"

[[projects]]
  branch = "master"
  digest = "1:ea010cdb976f9de0c763728a76278f9109fca3299abd0dc3e8f2ccb9ff347268"
  name = "golang.org/x/oauth2"
  packages = [
    ".",
    "google",
    "internal",
    "jws",
    "jwt",
  ]
  pruneopts = ""
  revision = "d668ce993890a79bda886613ee587a69dd5da7a6"

[[projects]]
  branch = "master"
  digest = "1:814474ab808c5e04b9334d046f8a0060fc1724c2c02acfd00a7cc0008d675455"
  name = "golang.org/x/sync"
  packages = ["semaphore"]
  pruneopts = ""
  revision = "37e7f081c4d4c64e13b10787722085407fe5d15f"

[[projects]]
  branch = "master"
  digest = "1:81088959caa295857b9a1c3ed8d36d701838efc6399382d33002a36d5353f406"
  name = "golang.org/x/sys"
  packages = [
    "unix",
    "windows",
  ]
  pruneopts = ""
  revision = "9a3f9b0469bbc6b8802087ae5c0af9f61502de01"

[[projects]]
  digest = "1:5acd3512b047305d49e8763eef7ba423901e85d5dd2fd1e71778a0ea8de10bd4"
  name = "golang.org/x/text"
  packages = [
    "collate",
    "collate/build",
    "internal/colltab",
    "internal/gen",
    "internal/tag",
    "internal/triegen",
    "internal/ucd",
    "language",
    "secure/bidirule",
    "transform",
    "unicode/bidi",
    "unicode/cldr",
    "unicode/norm",
    "unicode/rangetable",
  ]
  pruneopts = ""
  revision = "f21a4dfb5e38f5895301dc265a8def02365cc3d0"
  version = "v0.3.0"

[[projects]]
  branch = "master"
  digest = "1:e64297c5683da5bb3a704131c6b4bebb35c94b77067075d22b0543eee41ce37e"
  name = "google.golang.org/api"
  packages = [
    "googleapi/transport",
    "internal",
    "iterator",
    "option",
    "support/bundler",
    "transport",
    "transport/grpc",
    "transport/http",
    "transport/http/internal/propagation",
  ]
  pruneopts = ""
  revision = "f9718892c732c484b97d9a879482a9441f753932"

[[projects]]
  digest = "1:bc09e719c4e2a15d17163f5272d9a3131c45d77542b7fdc53ff518815bc19ab3"
  name = "google.golang.org/appengine"
  packages = [
    ".",
    "internal",
    "internal/app_identity",
    "internal/base",
    "internal/datastore",
    "internal/log",
    "internal/modules",
    "internal/remote_api",
    "internal/socket",
    "internal/urlfetch",
    "socket",
    "urlfetch",
  ]
  pruneopts = ""
  revision = "e9657d882bb81064595ca3b56cbe2546bbabf7b1"
  version = "v1.4.0"

[[projects]]
  digest = "1:8c7bf8f974d0b63a83834e83b6dd39c2b40d61d409d76172c81d67eba8fee4a8"
  name = "google.golang.org/genproto"
  packages = [
    "googleapis/api/annotations",
    "googleapis/api/distribution",
    "googleapis/api/httpbody",
    "googleapis/api/label",
    "googleapis/api/metric",
    "googleapis/api/monitoredres",
    "googleapis/devtools/cloudtrace/v2",
    "googleapis/monitoring/v3",
    "googleapis/rpc/status",
    "protobuf/field_mask",
  ]
  pruneopts = ""
  revision = "bd9b4fb69e2ffd37621a6caa54dcbead29b546f2"

[[projects]]
  digest = "1:b6c17b0c657f047118ae59b358950b28515914512cf3de02388cc42e33a92520"
  name = "google.golang.org/grpc"
  packages = [
    ".",
    "balancer",
    "balancer/base",
    "balancer/roundrobin",
    "binarylog/grpc_binarylog_v1",
    "codes",
    "connectivity",
    "credentials",
    "credentials/internal",
    "credentials/oauth",
    "encoding",
    "encoding/gzip",
    "encoding/proto",
    "grpclog",
    "internal",
    "internal/backoff",
    "internal/binarylog",
    "internal/channelz",
    "internal/envconfig",
    "internal/grpcrand",
    "internal/grpcsync",
    "internal/syscall",
    "internal/transport",
    "keepalive",
    "metadata",
    "naming",
    "peer",
    "resolver",
    "resolver/dns",
    "resolver/passthrough",
    "stats",
    "status",
    "tap",
  ]
  pruneopts = ""
  revision = "2fdaae294f38ed9a121193c51ec99fecd3b13eb7"
  version = "v1.19.0"

[[projects]]
  digest = "1:cf14a5ea75b0cdb3eed3315839a120110068dce6df03edbe8c3bf4bd642a6024"
  name = "gopkg.in/gorp.v1"
  packages = ["."]
  pruneopts = ""
  revision = "6a667da9c028871f98598d85413e3fc4c6daa52e"
  version = "v1.7.2"

[[projects]]
  digest = "1:11c58e19ff7ce22740423bb933f1ddca3bf575def40d5ac3437ec12871b1648b"
  name = "gopkg.in/natefinch/lumberjack.v2"
  packages = ["."]
  pruneopts = ""
  revision = "a96e63847dc3c67d17befa69c303767e2f84e54f"
  version = "v2.1"

[solve-meta]
  analyzer-name = "dep"
  analyzer-version = 1
  input-imports = [
    "contrib.go.opencensus.io/exporter/stackdriver",
    "github.com/blevesearch/bleve",
    "github.com/blevesearch/bleve/analysis/analyzer/keyword",
    "github.com/dgrijalva/jwt-go",
    "github.com/go-yaml/yaml",
    "github.com/gobuffalo/packr",
    "github.com/gofrs/uuid",
    "github.com/golang/protobuf/jsonpb",
    "github.com/golang/protobuf/proto",
    "github.com/golang/protobuf/ptypes/empty",
    "github.com/golang/protobuf/ptypes/timestamp",
    "github.com/golang/protobuf/ptypes/wrappers",
    "github.com/gorilla/handlers",
    "github.com/gorilla/mux",
    "github.com/gorilla/websocket",
    "github.com/grpc-ecosystem/grpc-gateway/protoc-gen-swagger/options",
    "github.com/grpc-ecosystem/grpc-gateway/runtime",
    "github.com/grpc-ecosystem/grpc-gateway/utilities",
    "github.com/lib/pq",
    "github.com/pkg/errors",
    "github.com/rubenv/sql-migrate",
    "github.com/stretchr/testify/assert",
    "github.com/yuin/gopher-lua",
    "go.opencensus.io/exporter/prometheus",
    "go.opencensus.io/plugin/ocgrpc",
    "go.opencensus.io/plugin/ochttp",
    "go.opencensus.io/stats",
    "go.opencensus.io/stats/view",
    "go.opencensus.io/tag",
    "go.opencensus.io/trace",
    "go.opencensus.io/zpages",
    "go.uber.org/atomic",
    "go.uber.org/zap",
    "go.uber.org/zap/zapcore",
    "golang.org/x/crypto/bcrypt",
    "golang.org/x/net/context",
    "google.golang.org/genproto/googleapis/api/annotations",
    "google.golang.org/grpc",
    "google.golang.org/grpc/codes",
    "google.golang.org/grpc/credentials",
    "google.golang.org/grpc/encoding/gzip",
    "google.golang.org/grpc/grpclog",
    "google.golang.org/grpc/metadata",
    "google.golang.org/grpc/peer",
    "google.golang.org/grpc/status",
    "gopkg.in/natefinch/lumberjack.v2",
  ]
  solver-name = "gps-cdcl"
  solver-version = 1
