# This file is autogenerated, do not edit; changes may be undone by the next 'dep ensure'.


[[projects]]
  name = "cloud.google.com/go"
  packages = ["compute/metadata"]
  revision = "934866196d63fdcd8291ef6f16e70f4a830cda22"

[[projects]]
  name = "github.com/armon/go-metrics"
  packages = ["."]
  revision = "97c69685293dce4c0a2d0b19535179bbc976e4d2"

[[projects]]
  name = "github.com/davecgh/go-spew"
  packages = ["spew"]
  revision = "6d212800a42e8ab5c146b8ace3490ee17e5225f9"

[[projects]]
  name = "github.com/dgrijalva/jwt-go"
  packages = ["."]
  revision = "d2709f9f1f31ebcda9651b03077758c1f3a0018c"
  version = "v3.0.0"

[[projects]]
  name = "github.com/elazarl/go-bindata-assetfs"
  packages = ["."]
  revision = "9a6736ed45b44bf3835afeebb3034b57ed329f3e"

[[projects]]
  name = "github.com/fatih/structs"
  packages = ["."]
  revision = "a720dfa8df582c51dee1b36feabb906bde1588bd"
  version = "v1.0.0"

[[projects]]
  branch = "v2"
  name = "github.com/go-yaml/yaml"
  packages = ["."]
  revision = "cd8b52f8269e0feb286dfeef29f8fe4d5b397e0b"

[[projects]]
  name = "github.com/gogo/protobuf"
  packages = ["jsonpb","proto","sortkeys","types"]
  revision = "100ba4e885062801d56799d78530b73b178a78f3"
  version = "v0.4"

[[projects]]
  name = "github.com/golang/protobuf"
  packages = ["proto"]
  revision = "8ee79997227bf9b34611aee7946ae64735e6fd93"

[[projects]]
  name = "github.com/gorhill/cronexpr"
  packages = ["."]
  revision = "a557574d6c024ed6e36acc8b610f5f211c91568a"
  version = "1.0.0"

[[projects]]
  branch = "master"
  name = "github.com/gorilla/context"
  packages = ["."]
  revision = "08b5f424b9271eedf6f9f0ce86cb9396ed337a42"

[[projects]]
  name = "github.com/gorilla/handlers"
  packages = ["."]
  revision = "ee54c7b44cab12289237fb8631314790076e728b"
  version = "v1.1"

[[projects]]
  name = "github.com/gorilla/mux"
  packages = ["."]
  revision = "0eeaf8392f5b04950925b8a69fe70f110fa7cbfc"
  version = "v1.1"

[[projects]]
  name = "github.com/gorilla/websocket"
  packages = ["."]
  revision = "1f512fc3f05332ba7117626cdfb4e07474e58e60"
  version = "v1.0.0"

[[projects]]
  name = "github.com/lib/pq"
  packages = [".","oid"]
  revision = "22cb3e4c487ce6242e2b03369219e5631eed1221"

[[projects]]
  name = "github.com/pmezard/go-difflib"
  packages = ["difflib"]
  revision = "d8ed2627bdf02c080bf22230dbb337003b7aba2d"

[[projects]]
  name = "github.com/rubenv/sql-migrate"
  packages = [".","sqlparse"]
  revision = "a3ed23a40ebd39f82bf2a36768ed7d595f2bdc1e"

[[projects]]
  name = "github.com/satori/go.uuid"
  packages = ["."]
  revision = "b061729afc07e77a8aa4fad0a2fd840958f1942a"

[[projects]]
  name = "github.com/stretchr/testify"
  packages = ["assert"]
  revision = "69483b4bd14f5845b5a1e55bca19e954e827f1d0"
  version = "v1.1.4"

[[projects]]
  branch = "master"
  name = "github.com/wirepair/netcode"
  packages = ["."]
  revision = "89fd4ed2c8f6eb786fac06216f7db7857547e18d"

[[projects]]
  name = "github.com/yuin/gopher-lua"
  packages = [".","ast","parse","pm"]
  revision = "2243d714d6c94951d8ccca8c851836ff47d401c9"

[[projects]]
  name = "go.uber.org/atomic"
  packages = ["."]
  revision = "4e336646b2ef9fc6e47be8e21594178f98e5ebcf"
  version = "v1.2.0"

[[projects]]
  name = "go.uber.org/zap"
  packages = [".","buffer","internal/bufferpool","internal/color","internal/exit","internal/multierror","zapcore"]
  revision = "9cabc84638b70e564c3dab2766efcb1ded2aac9f"
  version = "v1.4.1"

[[projects]]
  name = "golang.org/x/crypto"
  packages = ["bcrypt","blowfish","chacha20poly1305","chacha20poly1305/internal/chacha20","poly1305"]
  revision = "f6b343c37ca80bfa8ea539da67a0b621f84fab1d"

[[projects]]
  name = "golang.org/x/net"
  packages = ["context","context/ctxhttp"]
  revision = "69d4b8aa71caaaa75c3dfc11211d1be495abec7c"

[[projects]]
  name = "golang.org/x/oauth2"
  packages = [".","google","internal","jws","jwt"]
  revision = "cce311a261e6fcf29de72ca96827bdb0b7d9c9e6"

[[projects]]
  name = "google.golang.org/appengine"
  packages = [".","internal","internal/app_identity","internal/base","internal/datastore","internal/log","internal/modules","internal/remote_api","internal/urlfetch","urlfetch"]
  revision = "ad2570cd3913654e00c5f0183b39d2f998e54046"

[[projects]]
  name = "gopkg.in/gorp.v1"
  packages = ["."]
  revision = "c87af80f3cc5036b55b83d77171e156791085e2e"
  version = "v1.7.1"

[solve-meta]
  analyzer-name = "dep"
  analyzer-version = 1
  inputs-digest = "236259571d8b1200dedc57ce5b31279347957756ab61040ed49165df486c3d5d"
  solver-name = "gps-cdcl"
  solver-version = 1
