{
  "name": "intelliverse-x-nakama-modules",
  "version": "1.0.0",
  "lockfileVersion": 3,
  "requires": true,
  "packages": {
    "": {
      "name": "intelliverse-x-nakama-modules",
      "version": "1.0.0",
      "dependencies": {
        "nakama-common": "https://github.com/heroiclabs/nakama-common"
      },
      "devDependencies": {
        "typescript": "^5.5.0"
      }
    },
    "node_modules/nakama-common": {
      "name": "nakama-runtime",
      "version": "1.44.2",
      "resolved": "git+ssh://git@github.com/heroiclabs/nakama-common.git#c0b688e207fb54813b346411e2feb0ff8c4837fe",
      "license": "Apache-2.0"
    },
    "node_modules/typescript": {
      "version": "5.9.3",
      "resolved": "https://registry.npmjs.org/typescript/-/typescript-5.9.3.tgz",
      "integrity": "sha512-jl1vZzPDinLr9eUt3J/t7V6FgNEw9QjvBPdysz9KfQDD41fQrC2Y4vKQdiaUpFT4bXlb1RHhLpp8wtm6M5TgSw==",
      "dev": true,
      "license": "Apache-2.0",
      "bin": {
        "tsc": "bin/tsc",
        "tsserver": "bin/tsserver"
      },
      "engines": {
        "node": ">=14.17"
      }
    }
  }
}
